
Microsoft Visual Studio Solution File, Format Version 12.00
# Visual Studio Version 16
VisualStudioVersion = 16.0.33027.164
MinimumVisualStudioVersion = 10.0.40219.1
Project("{FAE04EC0-301F-11D3-BF4B-00C04F79EFBC}") = "WinAppDriverSeleniumAutomation", "WinAppDriverSeleniumAutomation.csproj", "{CE28D7C5-B909-4CE0-BDCF-9FD6EC709145}"
EndProject
Global
	GlobalSection(SolutionConfigurationPlatforms) = preSolution
		Debug|Any CPU = Debug|Any CPU
		Release|Any CPU = Release|Any CPU
	EndGlobalSection
	GlobalSection(ProjectConfigurationPlatforms) = postSolution
		{CE28D7C5-B909-4CE0-BDCF-9FD6EC709145}.Debug|Any CPU.ActiveCfg = Debug|Any CPU
		{CE28D7C5-B909-4CE0-BDCF-9FD6EC709145}.Debug|Any CPU.Build.0 = Debug|Any CPU
		{CE28D7C5-B909-4CE0-BDCF-9FD6EC709145}.Release|Any CPU.ActiveCfg = Release|Any CPU
		{CE28D7C5-B909-4CE0-BDCF-9FD6EC709145}.Release|Any CPU.Build.0 = Release|Any CPU
	EndGlobalSection
	GlobalSection(SolutionProperties) = preSolution
		HideSolutionNode = FALSE
	EndGlobalSection
	GlobalSection(ExtensibilityGlobals) = postSolution
		SolutionGuid = {B80EBB04-77B7-4D6B-AA29-8AB0685EE55A}
	EndGlobalSection
EndGlobal
